{
  "nodes": {
    "dtctl": {
      "inputs": {
        "nixpkgs": [
          "papanix-ai",
          "nixpkgs"
        ]
      },
      "locked": {
        "lastModified": 1778843950,
        "narHash": "sha256-rnquoVw0ADsscGhdIqmwnsw5jjTUUm3sqa9xrJ7Kdns=",
        "owner": "dynatrace-oss",
        "repo": "dtctl",
        "rev": "421a08831dca6084a3c8f2394c46355b68c5af70",
        "type": "github"
      },
      "original": {
        "owner": "dynatrace-oss",
        "repo": "dtctl",
        "rev": "421a08831dca6084a3c8f2394c46355b68c5af70",
        "type": "github"
      }
    },
    "flake-utils": {
      "inputs": {
        "systems": "systems"
      },
      "locked": {
        "lastModified": 1731533236,
        "narHash": "sha256-l0KFg5HjrsfsO/JpG+r7fRrqm12kzFHyUHqHCVpMMbI=",
        "owner": "numtide",
        "repo": "flake-utils",
        "rev": "11707dc2f618dd54ca8739b309ec4fc024de578b",
        "type": "github"
      },
      "original": {
        "owner": "numtide",
        "repo": "flake-utils",
        "type": "github"
      }
    },
    "flake-utils_2": {
      "inputs": {
        "systems": "systems_2"
      },
      "locked": {
        "lastModified": 1731533236,
        "narHash": "sha256-l0KFg5HjrsfsO/JpG+r7fRrqm12kzFHyUHqHCVpMMbI=",
        "owner": "numtide",
        "repo": "flake-utils",
        "rev": "11707dc2f618dd54ca8739b309ec4fc024de578b",
        "type": "github"
      },
      "original": {
        "owner": "numtide",
        "repo": "flake-utils",
        "type": "github"
      }
    },
    "nixpkgs": {
      "locked": {
        "lastModified": 1779560665,
        "narHash": "sha256-tpyBcxPpcQb8ukyNF7DoCwfSY3VPsxHoYwj00Cayv5o=",
        "owner": "nixos",
        "repo": "nixpkgs",
        "rev": "64c08a7ca051951c8eae34e3e3cb1e202fe36786",
        "type": "github"
      },
      "original": {
        "owner": "nixos",
        "ref": "nixos-unstable",
        "repo": "nixpkgs",
        "type": "github"
      }
    },
    "nixpkgs-master": {
      "locked": {
        "lastModified": 1778732910,
        "narHash": "sha256-6pPSj/37ycKGyDqKe3+qgWz7cl8q+nl6O+KvTQPaMsU=",
        "owner": "nixos",
        "repo": "nixpkgs",
        "rev": "62b115397ad52504108116da8e005821e4632185",
        "type": "github"
      },
      "original": {
        "owner": "nixos",
        "ref": "master",
        "repo": "nixpkgs",
        "type": "github"
      }
    },
    "nixpkgs_2": {
      "locked": {
        "lastModified": 1778443072,
        "narHash": "sha256-zi7/fsqM/kFdNuED//4WOCUtezGtKKqRNORjMvfwjnA=",
        "owner": "nixos",
        "repo": "nixpkgs",
        "rev": "da5ad661ba4e5ef59ba743f0d112cbc30e474f32",
        "type": "github"
      },
      "original": {
        "owner": "nixos",
        "ref": "nixos-unstable",
        "repo": "nixpkgs",
        "type": "github"
      }
    },
    "papa-knowledgebase-skills": {
      "flake": false,
      "locked": {
        "lastModified": 1780042531,
        "narHash": "sha256-nfEgM9uH/c3jyM8PQRFVN2WvTNdGHnqc1bwwzkdNi8k=",
        "owner": "Dynatrace-Internal",
        "repo": "papa-ai-knowledgebase",
        "rev": "4ba8a8b438f77b245b80cb1727447d773ed38f2f",
        "type": "github"
      },
      "original": {
        "owner": "Dynatrace-Internal",
        "repo": "papa-ai-knowledgebase",
        "type": "github"
      }
    },
    "papanix-ai": {
      "inputs": {
        "dtctl": "dtctl",
        "flake-utils": "flake-utils_2",
        "nixpkgs": "nixpkgs_2",
        "nixpkgs-master": "nixpkgs-master",
        "papa-knowledgebase-skills": "papa-knowledgebase-skills",
        "rnd-knowledgebase-skills": "rnd-knowledgebase-skills"
      },
      "locked": {
        "lastModified": 1780064644,
        "narHash": "sha256-4oq81HpwExJAbX4sF9OR33a4nWW2zuczrYy7/5cFeNw=",
        "owner": "fmgordillo-dyna",
        "repo": "papanix-ai",
        "rev": "2f54886cf9cb35ddaeb956c68bf8085c17958862",
        "type": "github"
      },
      "original": {
        "owner": "fmgordillo-dyna",
        "repo": "papanix-ai",
        "type": "github"
      }
    },
    "rnd-knowledgebase-skills": {
      "flake": false,
      "locked": {
        "lastModified": 1779175727,
        "narHash": "sha256-vI0TavNdUyJPt7j46+npOiEeYkmK6CE4NWSZ/lzdxM8=",
        "owner": "Dynatrace-Internal",
        "repo": "rnd-ai-knowledgebase",
        "rev": "8af480759608112941db6cf747b6d0dbe8760e29",
        "type": "github"
      },
      "original": {
        "owner": "Dynatrace-Internal",
        "repo": "rnd-ai-knowledgebase",
        "type": "github"
      }
    },
    "root": {
      "inputs": {
        "flake-utils": "flake-utils",
        "nixpkgs": "nixpkgs",
        "papanix-ai": "papanix-ai"
      }
    },
    "systems": {
      "locked": {
        "lastModified": 1681028828,
        "narHash": "sha256-Vy1rq5AaRuLzOxct8nz4T6wlgyUR7zLU309k9mBC768=",
        "owner": "nix-systems",
        "repo": "default",
        "rev": "da67096a3b9bf56a91d16901293e51ba5b49a27e",
        "type": "github"
      },
      "original": {
        "owner": "nix-systems",
        "repo": "default",
        "type": "github"
      }
    },
    "systems_2": {
      "locked": {
        "lastModified": 1681028828,
        "narHash": "sha256-Vy1rq5AaRuLzOxct8nz4T6wlgyUR7zLU309k9mBC768=",
        "owner": "nix-systems",
        "repo": "default",
        "rev": "da67096a3b9bf56a91d16901293e51ba5b49a27e",
        "type": "github"
      },
      "original": {
        "owner": "nix-systems",
        "repo": "default",
        "type": "github"
      }
    }
  },
  "root": "root",
  "version": 7
}
